// !$*UTF8*$!
{
	archiveVersion = 1;
	classes = {
	};
	objectVersion = 46;
	objects = {

/* Begin PBXBuildFile section */
		15039B671E963F6F00391B9D /* AppDelegate.swift in Sources */ = {isa = PBXBuildFile; fileRef = 15039B661E963F6F00391B9D /* AppDelegate.swift */; };
		15039B6C1E963F6F00391B9D /* Main.storyboard in Resources */ = {isa = PBXBuildFile; fileRef = 15039B6A1E963F6F00391B9D /* Main.storyboard */; };
		15039B6E1E963F6F00391B9D /* Assets.xcassets in Resources */ = {isa = PBXBuildFile; fileRef = 15039B6D1E963F6F00391B9D /* Assets.xcassets */; };
		15039B711E963F6F00391B9D /* LaunchScreen.storyboard in Resources */ = {isa = PBXBuildFile; fileRef = 15039B6F1E963F6F00391B9D /* LaunchScreen.storyboard */; };
		15039B881E966F8C00391B9D /* Home.storyboard in Resources */ = {isa = PBXBuildFile; fileRef = 15039B861E966F8C00391B9D /* Home.storyboard */; };
		15039B8D1E966FDC00391B9D /* Follow.storyboard in Resources */ = {isa = PBXBuildFile; fileRef = 15039B8B1E966FDC00391B9D /* Follow.storyboard */; };
		15039B8F1E966FF400391B9D /* Profile.storyboard in Resources */ = {isa = PBXBuildFile; fileRef = 15039B8E1E966FF400391B9D /* Profile.storyboard */; };
		15039B931E96725B00391B9D /* MainViewController.swift in Sources */ = {isa = PBXBuildFile; fileRef = 15039B921E96725B00391B9D /* MainViewController.swift */; };
		15039B961E96749900391B9D /* Live.storyboard in Resources */ = {isa = PBXBuildFile; fileRef = 15039B941E96749900391B9D /* Live.storyboard */; };
		15039B9F1E96764000391B9D /* HomeViewController.swift in Sources */ = {isa = PBXBuildFile; fileRef = 15039B9E1E96764000391B9D /* HomeViewController.swift */; };
		15039BA21E967A2100391B9D /* UIBarButtonItem-Extension.swift in Sources */ = {isa = PBXBuildFile; fileRef = 15039BA11E967A2100391B9D /* UIBarButtonItem-Extension.swift */; };
		15039BA41E9E54C800391B9D /* PageTitleView.swift in Sources */ = {isa = PBXBuildFile; fileRef = 15039BA31E9E54C800391B9D /* PageTitleView.swift */; };
		15039BA61E9E579D00391B9D /* Common.swift in Sources */ = {isa = PBXBuildFile; fileRef = 15039BA51E9E579D00391B9D /* Common.swift */; };
		15039BA81E9E627000391B9D /* PageContentView.swift in Sources */ = {isa = PBXBuildFile; fileRef = 15039BA71E9E627000391B9D /* PageContentView.swift */; };
		15039BAA1E9E64CC00391B9D /* UIColor-Extension.swift in Sources */ = {isa = PBXBuildFile; fileRef = 15039BA91E9E64CC00391B9D /* UIColor-Extension.swift */; };
/* End PBXBuildFile section */

/* Begin PBXFileReference section */
		15039B631E963F6F00391B9D /* YYZB.app */ = {isa = PBXFileReference; explicitFileType = wrapper.application; includeInIndex = 0; path = YYZB.app; sourceTree = BUILT_PRODUCTS_DIR; };
		15039B661E963F6F00391B9D /* AppDelegate.swift */ = {isa = PBXFileReference; lastKnownFileType = sourcecode.swift; path = AppDelegate.swift; sourceTree = "<group>"; };
		15039B6B1E963F6F00391B9D /* Base */ = {isa = PBXFileReference; lastKnownFileType = file.storyboard; name = Base; path = Base.lproj/Main.storyboard; sourceTree = "<group>"; };
		15039B6D1E963F6F00391B9D /* Assets.xcassets */ = {isa = PBXFileReference; lastKnownFileType = folder.assetcatalog; path = Assets.xcassets; sourceTree = "<group>"; };
		15039B701E963F6F00391B9D /* Base */ = {isa = PBXFileReference; lastKnownFileType = file.storyboard; name = Base; path = Base.lproj/LaunchScreen.storyboard; sourceTree = "<group>"; };
		15039B721E963F6F00391B9D /* Info.plist */ = {isa = PBXFileReference; lastKnownFileType = text.plist.xml; path = Info.plist; sourceTree = "<group>"; };
		15039B871E966F8C00391B9D /* Base */ = {isa = PBXFileReference; lastKnownFileType = file.storyboard; name = Base; path = Base.lproj/Home.storyboard; sourceTree = "<group>"; };
		15039B8C1E966FDC00391B9D /* Base */ = {isa = PBXFileReference; lastKnownFileType = file.storyboard; name = Base; path = Base.lproj/Follow.storyboard; sourceTree = "<group>"; };
		15039B8E1E966FF400391B9D /* Profile.storyboard */ = {isa = PBXFileReference; fileEncoding = 4; lastKnownFileType = file.storyboard; path = Profile.storyboard; sourceTree = "<group>"; };
		15039B921E96725B00391B9D /* MainViewController.swift */ = {isa = PBXFileReference; fileEncoding = 4; lastKnownFileType = sourcecode.swift; path = MainViewController.swift; sourceTree = "<group>"; };
		15039B951E96749900391B9D /* Base */ = {isa = PBXFileReference; lastKnownFileType = file.storyboard; name = Base; path = Base.lproj/Live.storyboard; sourceTree = "<group>"; };
		15039B9E1E96764000391B9D /* HomeViewController.swift */ = {isa = PBXFileReference; fileEncoding = 4; lastKnownFileType = sourcecode.swift; path = HomeViewController.swift; sourceTree = "<group>"; };
		15039BA11E967A2100391B9D /* UIBarButtonItem-Extension.swift */ = {isa = PBXFileReference; fileEncoding = 4; lastKnownFileType = sourcecode.swift; path = "UIBarButtonItem-Extension.swift"; sourceTree = "<group>"; };
		15039BA31E9E54C800391B9D /* PageTitleView.swift */ = {isa = PBXFileReference; fileEncoding = 4; lastKnownFileType = sourcecode.swift; path = PageTitleView.swift; sourceTree = "<group>"; };
		15039BA51E9E579D00391B9D /* Common.swift */ = {isa = PBXFileReference; fileEncoding = 4; lastKnownFileType = sourcecode.swift; path = Common.swift; sourceTree = "<group>"; };
		15039BA71E9E627000391B9D /* PageContentView.swift */ = {isa = PBXFileReference; fileEncoding = 4; lastKnownFileType = sourcecode.swift; path = PageContentView.swift; sourceTree = "<group>"; };
		15039BA91E9E64CC00391B9D /* UIColor-Extension.swift */ = {isa = PBXFileReference; fileEncoding = 4; lastKnownFileType = sourcecode.swift; path = "UIColor-Extension.swift"; sourceTree = "<group>"; };
/* End PBXFileReference section */

/* Begin PBXFrameworksBuildPhase section */
		15039B601E963F6F00391B9D /* Frameworks */ = {
			isa = PBXFrameworksBuildPhase;
			buildActionMask = 2147483647;
			files = (
			);
			runOnlyForDeploymentPostprocessing = 0;
		};
/* End PBXFrameworksBuildPhase section */

/* Begin PBXGroup section */
		15039B5A1E963F6F00391B9D = {
			isa = PBXGroup;
			children = (
				15039B651E963F6F00391B9D /* YYZB */,
				15039B641E963F6F00391B9D /* Products */,
			);
			sourceTree = "<group>";
		};
		15039B641E963F6F00391B9D /* Products */ = {
			isa = PBXGroup;
			children = (
				15039B631E963F6F00391B9D /* YYZB.app */,
			);
			name = Products;
			sourceTree = "<group>";
		};
		15039B651E963F6F00391B9D /* YYZB */ = {
			isa = PBXGroup;
			children = (
				15039B7F1E9656DB00391B9D /* Classes */,
				15039B661E963F6F00391B9D /* AppDelegate.swift */,
				15039B6D1E963F6F00391B9D /* Assets.xcassets */,
				15039B6F1E963F6F00391B9D /* LaunchScreen.storyboard */,
				15039B721E963F6F00391B9D /* Info.plist */,
			);
			path = YYZB;
			sourceTree = "<group>";
		};
		15039B7F1E9656DB00391B9D /* Classes */ = {
			isa = PBXGroup;
			children = (
				15039B801E9656EF00391B9D /* Main */,
				15039B851E96577000391B9D /* Home */,
				15039B841E96572300391B9D /* Live */,
				15039B831E96571900391B9D /* Follow */,
				15039B821E96570C00391B9D /* Profile */,
				15039B811E96570100391B9D /* Tools */,
			);
			name = Classes;
			sourceTree = "<group>";
		};
		15039B801E9656EF00391B9D /* Main */ = {
			isa = PBXGroup;
			children = (
				15039B9D1E9675FF00391B9D /* Model */,
				15039B9C1E9675F700391B9D /* View */,
				15039B9B1E9675EE00391B9D /* Controller */,
				15039B6A1E963F6F00391B9D /* Main.storyboard */,
				15039B921E96725B00391B9D /* MainViewController.swift */,
			);
			name = Main;
			sourceTree = "<group>";
		};
		15039B811E96570100391B9D /* Tools */ = {
			isa = PBXGroup;
			children = (
				15039BA01E9679C900391B9D /* Extension */,
				15039BA51E9E579D00391B9D /* Common.swift */,
			);
			name = Tools;
			sourceTree = "<group>";
		};
		15039B821E96570C00391B9D /* Profile */ = {
			isa = PBXGroup;
			children = (
				15039B8E1E966FF400391B9D /* Profile.storyboard */,
			);
			name = Profile;
			sourceTree = "<group>";
		};
		15039B831E96571900391B9D /* Follow */ = {
			isa = PBXGroup;
			children = (
				15039B8B1E966FDC00391B9D /* Follow.storyboard */,
			);
			name = Follow;
			sourceTree = "<group>";
		};
		15039B841E96572300391B9D /* Live */ = {
			isa = PBXGroup;
			children = (
				15039B941E96749900391B9D /* Live.storyboard */,
			);
			name = Live;
			sourceTree = "<group>";
		};
		15039B851E96577000391B9D /* Home */ = {
			isa = PBXGroup;
			children = (
				15039B971E9675AE00391B9D /* Model */,
				15039B9A1E9675D600391B9D /* View */,
				15039B991E9675C100391B9D /* Controller */,
			);
			name = Home;
			sourceTree = "<group>";
		};
		15039B971E9675AE00391B9D /* Model */ = {
			isa = PBXGroup;
			children = (
			);
			name = Model;
			sourceTree = "<group>";
		};
		15039B991E9675C100391B9D /* Controller */ = {
			isa = PBXGroup;
			children = (
				15039B861E966F8C00391B9D /* Home.storyboard */,
				15039B9E1E96764000391B9D /* HomeViewController.swift */,
			);
			name = Controller;
			sourceTree = "<group>";
		};
		15039B9A1E9675D600391B9D /* View */ = {
			isa = PBXGroup;
			children = (
			);
			name = View;
			sourceTree = "<group>";
		};
		15039B9B1E9675EE00391B9D /* Controller */ = {
			isa = PBXGroup;
			children = (
			);
			name = Controller;
			sourceTree = "<group>";
		};
		15039B9C1E9675F700391B9D /* View */ = {
			isa = PBXGroup;
			children = (
				15039BA31E9E54C800391B9D /* PageTitleView.swift */,
				15039BA71E9E627000391B9D /* PageContentView.swift */,
			);
			name = View;
			sourceTree = "<group>";
		};
		15039B9D1E9675FF00391B9D /* Model */ = {
			isa = PBXGroup;
			children = (
			);
			name = Model;
			sourceTree = "<group>";
		};
		15039BA01E9679C900391B9D /* Extension */ = {
			isa = PBXGroup;
			children = (
				15039BA11E967A2100391B9D /* UIBarButtonItem-Extension.swift */,
				15039BA91E9E64CC00391B9D /* UIColor-Extension.swift */,
			);
			name = Extension;
			sourceTree = "<group>";
		};
/* End PBXGroup section */

/* Begin PBXNativeTarget section */
		15039B621E963F6F00391B9D /* YYZB */ = {
			isa = PBXNativeTarget;
			buildConfigurationList = 15039B751E963F6F00391B9D /* Build configuration list for PBXNativeTarget "YYZB" */;
			buildPhases = (
				15039B5F1E963F6F00391B9D /* Sources */,
				15039B601E963F6F00391B9D /* Frameworks */,
				15039B611E963F6F00391B9D /* Resources */,
			);
			buildRules = (
			);
			dependencies = (
			);
			name = YYZB;
			productName = YYZB;
			productReference = 15039B631E963F6F00391B9D /* YYZB.app */;
			productType = "com.apple.product-type.application";
		};
/* End PBXNativeTarget section */

/* Begin PBXProject section */
		15039B5B1E963F6F00391B9D /* Project object */ = {
			isa = PBXProject;
			attributes = {
				LastSwiftUpdateCheck = 0730;
				LastUpgradeCheck = 0730;
				ORGANIZATIONNAME = unicorn;
				TargetAttributes = {
					15039B621E963F6F00391B9D = {
						CreatedOnToolsVersion = 7.3;
					};
				};
			};
			buildConfigurationList = 15039B5E1E963F6F00391B9D /* Build configuration list for PBXProject "YYZB" */;
			compatibilityVersion = "Xcode 3.2";
			developmentRegion = English;
			hasScannedForEncodings = 0;
			knownRegions = (
				en,
				Base,
			);
			mainGroup = 15039B5A1E963F6F00391B9D;
			productRefGroup = 15039B641E963F6F00391B9D /* Products */;
			projectDirPath = "";
			projectRoot = "";
			targets = (
				15039B621E963F6F00391B9D /* YYZB */,
			);
		};
/* End PBXProject section */

/* Begin PBXResourcesBuildPhase section */
		15039B611E963F6F00391B9D /* Resources */ = {
			isa = PBXResourcesBuildPhase;
			buildActionMask = 2147483647;
			files = (
				15039B711E963F6F00391B9D /* LaunchScreen.storyboard in Resources */,
				15039B6E1E963F6F00391B9D /* Assets.xcassets in Resources */,
				15039B6C1E963F6F00391B9D /* Main.storyboard in Resources */,
				15039B881E966F8C00391B9D /* Home.storyboard in Resources */,
				15039B8F1E966FF400391B9D /* Profile.storyboard in Resources */,
				15039B8D1E966FDC00391B9D /* Follow.storyboard in Resources */,
				15039B961E96749900391B9D /* Live.storyboard in Resources */,
			);
			runOnlyForDeploymentPostprocessing = 0;
		};
/* End PBXResourcesBuildPhase section */

/* Begin PBXSourcesBuildPhase section */
		15039B5F1E963F6F00391B9D /* Sources */ = {
			isa = PBXSourcesBuildPhase;
			buildActionMask = 2147483647;
			files = (
				15039B671E963F6F00391B9D /* AppDelegate.swift in Sources */,
				15039BAA1E9E64CC00391B9D /* UIColor-Extension.swift in Sources */,
				15039B931E96725B00391B9D /* MainViewController.swift in Sources */,
				15039BA41E9E54C800391B9D /* PageTitleView.swift in Sources */,
				15039BA81E9E627000391B9D /* PageContentView.swift in Sources */,
				15039BA21E967A2100391B9D /* UIBarButtonItem-Extension.swift in Sources */,
				15039BA61E9E579D00391B9D /* Common.swift in Sources */,
				15039B9F1E96764000391B9D /* HomeViewController.swift in Sources */,
			);
			runOnlyForDeploymentPostprocessing = 0;
		};
/* End PBXSourcesBuildPhase section */

/* Begin PBXVariantGroup section */
		15039B6A1E963F6F00391B9D /* Main.storyboard */ = {
			isa = PBXVariantGroup;
			children = (
				15039B6B1E963F6F00391B9D /* Base */,
			);
			name = Main.storyboard;
			sourceTree = "<group>";
		};
		15039B6F1E963F6F00391B9D /* LaunchScreen.storyboard */ = {
			isa = PBXVariantGroup;
			children = (
				15039B701E963F6F00391B9D /* Base */,
			);
			name = LaunchScreen.storyboard;
			sourceTree = "<group>";
		};
		15039B861E966F8C00391B9D /* Home.storyboard */ = {
			isa = PBXVariantGroup;
			children = (
				15039B871E966F8C00391B9D /* Base */,
			);
			name = Home.storyboard;
			sourceTree = "<group>";
		};
		15039B8B1E966FDC00391B9D /* Follow.storyboard */ = {
			isa = PBXVariantGroup;
			children = (
				15039B8C1E966FDC00391B9D /* Base */,
			);
			name = Follow.storyboard;
			sourceTree = "<group>";
		};
		15039B941E96749900391B9D /* Live.storyboard */ = {
			isa = PBXVariantGroup;
			children = (
				15039B951E96749900391B9D /* Base */,
			);
			name = Live.storyboard;
			sourceTree = "<group>";
		};
/* End PBXVariantGroup section */

/* Begin XCBuildConfiguration section */
		15039B731E963F6F00391B9D /* Debug */ = {
			isa = XCBuildConfiguration;
			buildSettings = {
				ALWAYS_SEARCH_USER_PATHS = NO;
				CLANG_ANALYZER_NONNULL = YES;
				CLANG_CXX_LANGUAGE_STANDARD = "gnu++0x";
				CLANG_CXX_LIBRARY = "libc++";
				CLANG_ENABLE_MODULES = YES;
				CLANG_ENABLE_OBJC_ARC = YES;
				CLANG_WARN_BOOL_CONVERSION = YES;
				CLANG_WARN_CONSTANT_CONVERSION = YES;
				CLANG_WARN_DIRECT_OBJC_ISA_USAGE = YES_ERROR;
				CLANG_WARN_EMPTY_BODY = YES;
				CLANG_WARN_ENUM_CONVERSION = YES;
				CLANG_WARN_INT_CONVERSION = YES;
				CLANG_WARN_OBJC_ROOT_CLASS = YES_ERROR;
				CLANG_WARN_UNREACHABLE_CODE = YES;
				CLANG_WARN__DUPLICATE_METHOD_MATCH = YES;
				"CODE_SIGN_IDENTITY[sdk=iphoneos*]" = "iPhone Developer";
				COPY_PHASE_STRIP = NO;
				DEBUG_INFORMATION_FORMAT = dwarf;
				ENABLE_STRICT_OBJC_MSGSEND = YES;
				ENABLE_TESTABILITY = YES;
				GCC_C_LANGUAGE_STANDARD = gnu99;
				GCC_DYNAMIC_NO_PIC = NO;
				GCC_NO_COMMON_BLOCKS = YES;
				GCC_OPTIMIZATION_LEVEL = 0;
				GCC_PREPROCESSOR_DEFINITIONS = (
					"DEBUG=1",
					"$(inherited)",
				);
				GCC_WARN_64_TO_32_BIT_CONVERSION = YES;
				GCC_WARN_ABOUT_RETURN_TYPE = YES_ERROR;
				GCC_WARN_UNDECLARED_SELECTOR = YES;
				GCC_WARN_UNINITIALIZED_AUTOS = YES_AGGRESSIVE;
				GCC_WARN_UNUSED_FUNCTION = YES;
				GCC_WARN_UNUSED_VARIABLE = YES;
				IPHONEOS_DEPLOYMENT_TARGET = 9.3;
				MTL_ENABLE_DEBUG_INFO = YES;
				ONLY_ACTIVE_ARCH = YES;
				SDKROOT = iphoneos;
				SWIFT_OPTIMIZATION_LEVEL = "-Onone";
			};
			name = Debug;
		};
		15039B741E963F6F00391B9D /* Release */ = {
			isa = XCBuildConfiguration;
			buildSettings = {
				ALWAYS_SEARCH_USER_PATHS = NO;
				CLANG_ANALYZER_NONNULL = YES;
				CLANG_CXX_LANGUAGE_STANDARD = "gnu++0x";
				CLANG_CXX_LIBRARY = "libc++";
				CLANG_ENABLE_MODULES = YES;
				CLANG_ENABLE_OBJC_ARC = YES;
				CLANG_WARN_BOOL_CONVERSION = YES;
				CLANG_WARN_CONSTANT_CONVERSION = YES;
				CLANG_WARN_DIRECT_OBJC_ISA_USAGE = YES_ERROR;
				CLANG_WARN_EMPTY_BODY = YES;
				CLANG_WARN_ENUM_CONVERSION = YES;
				CLANG_WARN_INT_CONVERSION = YES;
				CLANG_WARN_OBJC_ROOT_CLASS = YES_ERROR;
				CLANG_WARN_UNREACHABLE_CODE = YES;
				CLANG_WARN__DUPLICATE_METHOD_MATCH = YES;
				"CODE_SIGN_IDENTITY[sdk=iphoneos*]" = "iPhone Developer";
				COPY_PHASE_STRIP = NO;
				DEBUG_INFORMATION_FORMAT = "dwarf-with-dsym";
				ENABLE_NS_ASSERTIONS = NO;
				ENABLE_STRICT_OBJC_MSGSEND = YES;
				GCC_C_LANGUAGE_STANDARD = gnu99;
				GCC_NO_COMMON_BLOCKS = YES;
				GCC_WARN_64_TO_32_BIT_CONVERSION = YES;
				GCC_WARN_ABOUT_RETURN_TYPE = YES_ERROR;
				GCC_WARN_UNDECLARED_SELECTOR = YES;
				GCC_WARN_UNINITIALIZED_AUTOS = YES_AGGRESSIVE;
				GCC_WARN_UNUSED_FUNCTION = YES;
				GCC_WARN_UNUSED_VARIABLE = YES;
				IPHONEOS_DEPLOYMENT_TARGET = 9.3;
				MTL_ENABLE_DEBUG_INFO = NO;
				SDKROOT = iphoneos;
				VALIDATE_PRODUCT = YES;
			};
			name = Release;
		};
		15039B761E963F6F00391B9D /* Debug */ = {
			isa = XCBuildConfiguration;
			buildSettings = {
				ASSETCATALOG_COMPILER_APPICON_NAME = AppIcon;
				ASSETCATALOG_COMPILER_LAUNCHIMAGE_NAME = "Brand Assets";
				INFOPLIST_FILE = YYZB/Info.plist;
				IPHONEOS_DEPLOYMENT_TARGET = 9.0;
				LD_RUNPATH_SEARCH_PATHS = "$(inherited) @executable_path/Frameworks";
				PRODUCT_BUNDLE_IDENTIFIER = unicorn.YYZB;
				PRODUCT_NAME = "$(TARGET_NAME)";
			};
			name = Debug;
		};
		15039B771E963F6F00391B9D /* Release */ = {
			isa = XCBuildConfiguration;
			buildSettings = {
				ASSETCATALOG_COMPILER_APPICON_NAME = AppIcon;
				ASSETCATALOG_COMPILER_LAUNCHIMAGE_NAME = "Brand Assets";
				INFOPLIST_FILE = YYZB/Info.plist;
				IPHONEOS_DEPLOYMENT_TARGET = 9.0;
				LD_RUNPATH_SEARCH_PATHS = "$(inherited) @executable_path/Frameworks";
				PRODUCT_BUNDLE_IDENTIFIER = unicorn.YYZB;
				PRODUCT_NAME = "$(TARGET_NAME)";
			};
			name = Release;
		};
/* End XCBuildConfiguration section */

/* Begin XCConfigurationList section */
		15039B5E1E963F6F00391B9D /* Build configuration list for PBXProject "YYZB" */ = {
			isa = XCConfigurationList;
			buildConfigurations = (
				15039B731E963F6F00391B9D /* Debug */,
				15039B741E963F6F00391B9D /* Release */,
			);
			defaultConfigurationIsVisible = 0;
			defaultConfigurationName = Release;
		};
		15039B751E963F6F00391B9D /* Build configuration list for PBXNativeTarget "YYZB" */ = {
			isa = XCConfigurationList;
			buildConfigurations = (
				15039B761E963F6F00391B9D /* Debug */,
				15039B771E963F6F00391B9D /* Release */,
			);
			defaultConfigurationIsVisible = 0;
		};
/* End XCConfigurationList section */
	};
	rootObject = 15039B5B1E963F6F00391B9D /* Project object */;
}
